Microsoft Visual Studio Solution File, Format Version 12.00
# Visual Studio 15
VisualStudioVersion = 15.0.26430.16
MinimumVisualStudioVersion = 15.0.26124.0
Project("{9A19103F-16F7-4668-BE54-9A1E7A4F7556}") = "SimpleWebCrawler.Test", "SimpleWebCrawler.Test\SimpleWebCrawler.Test.csproj", "{73535993-B3BF-4A16-99B3-1521AE771FF1}"
EndProject
Project("{9A19103F-16F7-4668-BE54-9A1E7A4F7556}") = "SimpleWebCrawler.Services", "SimpleWebCrawler.Services\SimpleWebCrawler.Services.csproj", "{994FB2E0-3E1D-4F81-B9FA-01924FD60C5B}"
EndProject
Project("{9A19103F-16F7-4668-BE54-9A1E7A4F7556}") = "SimpleWebCrawler.ConsoleApp", "SimpleWebCrawler.ConsoleApp\SimpleWebCrawler.ConsoleApp.csproj", "{25DC537B-5F39-41CB-A34F-9ECD1ADED4E4}"
EndProject
Global
	GlobalSection(SolutionConfigurationPlatforms) = preSolution
		Debug|Any CPU = Debug|Any CPU
		Debug|x64 = Debug|x64
		Debug|x86 = Debug|x86
		Release|Any CPU = Release|Any CPU
		Release|x64 = Release|x64
		Release|x86 = Release|x86
	EndGlobalSection
	GlobalSection(ProjectConfigurationPlatforms) = postSolution
		{73535993-B3BF-4A16-99B3-1521AE771FF1}.Debug|Any CPU.ActiveCfg = Debug|Any CPU
		{73535993-B3BF-4A16-99B3-1521AE771FF1}.Debug|Any CPU.Build.0 = Debug|Any CPU
		{73535993-B3BF-4A16-99B3-1521AE771FF1}.Debug|x64.ActiveCfg = Debug|Any CPU
		{73535993-B3BF-4A16-99B3-1521AE771FF1}.Debug|x64.Build.0 = Debug|Any CPU
		{73535993-B3BF-4A16-99B3-1521AE771FF1}.Debug|x86.ActiveCfg = Debug|Any CPU
		{73535993-B3BF-4A16-99B3-1521AE771FF1}.Debug|x86.Build.0 = Debug|Any CPU
		{73535993-B3BF-4A16-99B3-1521AE771FF1}.Release|Any CPU.ActiveCfg = Release|Any CPU
		{73535993-B3BF-4A16-99B3-1521AE771FF1}.Release|Any CPU.Build.0 = Release|Any CPU
		{73535993-B3BF-4A16-99B3-1521AE771FF1}.Release|x64.ActiveCfg = Release|Any CPU
		{73535993-B3BF-4A16-99B3-1521AE771FF1}.Release|x64.Build.0 = Release|Any CPU
		{73535993-B3BF-4A16-99B3-1521AE771FF1}.Release|x86.ActiveCfg = Release|Any CPU
		{73535993-B3BF-4A16-99B3-1521AE771FF1}.Release|x86.Build.0 = Release|Any CPU
		{994FB2E0-3E1D-4F81-B9FA-01924FD60C5B}.Debug|Any CPU.ActiveCfg = Debug|Any CPU
		{994FB2E0-3E1D-4F81-B9FA-01924FD60C5B}.Debug|Any CPU.Build.0 = Debug|Any CPU
		{994FB2E0-3E1D-4F81-B9FA-01924FD60C5B}.Debug|x64.ActiveCfg = Debug|Any CPU
		{994FB2E0-3E1D-4F81-B9FA-01924FD60C5B}.Debug|x64.Build.0 = Debug|Any CPU
		{994FB2E0-3E1D-4F81-B9FA-01924FD60C5B}.Debug|x86.ActiveCfg = Debug|Any CPU
		{994FB2E0-3E1D-4F81-B9FA-01924FD60C5B}.Debug|x86.Build.0 = Debug|Any CPU
		{994FB2E0-3E1D-4F81-B9FA-01924FD60C5B}.Release|Any CPU.ActiveCfg = Release|Any CPU
		{994FB2E0-3E1D-4F81-B9FA-01924FD60C5B}.Release|Any CPU.Build.0 = Release|Any CPU
		{994FB2E0-3E1D-4F81-B9FA-01924FD60C5B}.Release|x64.ActiveCfg = Release|Any CPU
		{994FB2E0-3E1D-4F81-B9FA-01924FD60C5B}.Release|x64.Build.0 = Release|Any CPU
		{994FB2E0-3E1D-4F81-B9FA-01924FD60C5B}.Release|x86.ActiveCfg = Release|Any CPU
		{994FB2E0-3E1D-4F81-B9FA-01924FD60C5B}.Release|x86.Build.0 = Release|Any CPU
		{25DC537B-5F39-41CB-A34F-9ECD1ADED4E4}.Debug|Any CPU.ActiveCfg = Debug|Any CPU
		{25DC537B-5F39-41CB-A34F-9ECD1ADED4E4}.Debug|Any CPU.Build.0 = Debug|Any CPU
		{25DC537B-5F39-41CB-A34F-9ECD1ADED4E4}.Debug|x64.ActiveCfg = Debug|Any CPU
		{25DC537B-5F39-41CB-A34F-9ECD1ADED4E4}.Debug|x64.Build.0 = Debug|Any CPU
		{25DC537B-5F39-41CB-A34F-9ECD1ADED4E4}.Debug|x86.ActiveCfg = Debug|Any CPU
		{25DC537B-5F39-41CB-A34F-9ECD1ADED4E4}.Debug|x86.Build.0 = Debug|Any CPU
		{25DC537B-5F39-41CB-A34F-9ECD1ADED4E4}.Release|Any CPU.ActiveCfg = Release|Any CPU
		{25DC537B-5F39-41CB-A34F-9ECD1ADED4E4}.Release|Any CPU.Build.0 = Release|Any CPU
		{25DC537B-5F39-41CB-A34F-9ECD1ADED4E4}.Release|x64.ActiveCfg = Release|Any CPU
		{25DC537B-5F39-41CB-A34F-9ECD1ADED4E4}.Release|x64.Build.0 = Release|Any CPU
		{25DC537B-5F39-41CB-A34F-9ECD1ADED4E4}.Release|x86.ActiveCfg = Release|Any CPU
		{25DC537B-5F39-41CB-A34F-9ECD1ADED4E4}.Release|x86.Build.0 = Release|Any CPU
	EndGlobalSection
	GlobalSection(SolutionProperties) = preSolution
		HideSolutionNode = FALSE
	EndGlobalSection
EndGlobal
